# This file was autogenerated by Stack.
# You should not edit this file by hand.
# For more information, please see the documentation at:
#   https://docs.haskellstack.org/en/stable/lock_files

packages:
- completed:
    hackage: fourmolu-0.8.2.0@sha256:2cc2e4b296897b14e937c6a22e1b9840699b2b7bf5021fbdc6f212376d44edb6,7469
    pantry-tree:
      sha256: e467a3bce53e6bbb71414a368369095eee13e423d093a5aff2cd128317362c3e
      size: 143718
  original:
    hackage: fourmolu-0.8.2.0
snapshots:
- completed:
    sha256: 1ecad1f0bd2c27de88dbff6572446cfdf647c615d58a7e2e2085c6b7dfc04176
    size: 619403
    url: https://raw.githubusercontent.com/commercialhaskell/stackage-snapshots/master/lts/19/27.yaml
  original: lts-19.27
