# This file was autogenerated by Stack.
# You should not edit this file by hand.
# For more information, please see the documentation at:
#   https://docs.haskellstack.org/en/stable/lock_files

packages: []
snapshots:
- completed:
    size: 552903
    url: https://raw.githubusercontent.com/commercialhaskell/stackage-snapshots/master/nightly/2020/11/17.yaml
    sha256: e76442dec702eb06c4a90920ccee445bbef352851746e1d2dac14f775dff2ef3
  original: nightly-2020-11-17
